
Microsoft Visual Studio Solution File, Format Version 12.00
# Visual Studio Version 16
VisualStudioVersion = 16.0.30114.105
MinimumVisualStudioVersion = 10.0.40219.1
Project("{FAE04EC0-301F-11D3-BF4B-00C04F79EFBC}") = "exemplo-crud-tdd-api", "exemplo-crud-tdd-api\exemplo-crud-tdd-api.csproj", "{35423FBB-7B52-43C1-BE3A-1787A641618A}"
EndProject
Global
	GlobalSection(SolutionConfigurationPlatforms) = preSolution
		Debug|Any CPU = Debug|Any CPU
		Release|Any CPU = Release|Any CPU
	EndGlobalSection
	GlobalSection(SolutionProperties) = preSolution
		HideSolutionNode = FALSE
	EndGlobalSection
	GlobalSection(ProjectConfigurationPlatforms) = postSolution
		{35423FBB-7B52-43C1-BE3A-1787A641618A}.Debug|Any CPU.ActiveCfg = Debug|Any CPU
		{35423FBB-7B52-43C1-BE3A-1787A641618A}.Debug|Any CPU.Build.0 = Debug|Any CPU
		{35423FBB-7B52-43C1-BE3A-1787A641618A}.Release|Any CPU.ActiveCfg = Release|Any CPU
		{35423FBB-7B52-43C1-BE3A-1787A641618A}.Release|Any CPU.Build.0 = Release|Any CPU
	EndGlobalSection
EndGlobal
