
Microsoft Visual Studio Solution File, Format Version 12.00
# Visual Studio Version 16
VisualStudioVersion = 16.0.30114.105
MinimumVisualStudioVersion = 10.0.40219.1
Project("{FAE04EC0-301F-11D3-BF4B-00C04F79EFBC}") = "modulo2-semana6-api", "modulo2-semana6-api\modulo2-semana6-api.csproj", "{6F6CD6E6-FA38-4173-B9D4-31A6A5A65C4A}"
EndProject
Project("{FAE04EC0-301F-11D3-BF4B-00C04F79EFBC}") = "modulo2-semana6-tests", "modulo2-semana6-tests\modulo2-semana6-tests.csproj", "{9DEF19EA-B817-4B1C-BF33-335D9F0B7AB0}"
EndProject
Global
	GlobalSection(SolutionConfigurationPlatforms) = preSolution
		Debug|Any CPU = Debug|Any CPU
		Release|Any CPU = Release|Any CPU
	EndGlobalSection
	GlobalSection(SolutionProperties) = preSolution
		HideSolutionNode = FALSE
	EndGlobalSection
	GlobalSection(ProjectConfigurationPlatforms) = postSolution
		{6F6CD6E6-FA38-4173-B9D4-31A6A5A65C4A}.Debug|Any CPU.ActiveCfg = Debug|Any CPU
		{6F6CD6E6-FA38-4173-B9D4-31A6A5A65C4A}.Debug|Any CPU.Build.0 = Debug|Any CPU
		{6F6CD6E6-FA38-4173-B9D4-31A6A5A65C4A}.Release|Any CPU.ActiveCfg = Release|Any CPU
		{6F6CD6E6-FA38-4173-B9D4-31A6A5A65C4A}.Release|Any CPU.Build.0 = Release|Any CPU
		{9DEF19EA-B817-4B1C-BF33-335D9F0B7AB0}.Debug|Any CPU.ActiveCfg = Debug|Any CPU
		{9DEF19EA-B817-4B1C-BF33-335D9F0B7AB0}.Debug|Any CPU.Build.0 = Debug|Any CPU
		{9DEF19EA-B817-4B1C-BF33-335D9F0B7AB0}.Release|Any CPU.ActiveCfg = Release|Any CPU
		{9DEF19EA-B817-4B1C-BF33-335D9F0B7AB0}.Release|Any CPU.Build.0 = Release|Any CPU
	EndGlobalSection
EndGlobal
