
Microsoft Visual Studio Solution File, Format Version 12.00
# Visual Studio Version 17
VisualStudioVersion = 17.2.32616.157
MinimumVisualStudioVersion = 10.0.40219.1
Project("{FAE04EC0-301F-11D3-BF4B-00C04F79EFBC}") = "projetoAulaQuarta", "projetoAulaQuarta.csproj", "{CBA4B731-BA43-4B6C-BC68-76AA89570126}"
EndProject
Project("{FAE04EC0-301F-11D3-BF4B-00C04F79EFBC}") = "projetoAulaQuartaApi", "..\projetoAulaQuartaApi\projetoAulaQuartaApi.csproj", "{4F4C1720-FC1D-411F-AA2C-A7B61DF96D2D}"
EndProject
Global
	GlobalSection(SolutionConfigurationPlatforms) = preSolution
		Debug|Any CPU = Debug|Any CPU
		Release|Any CPU = Release|Any CPU
	EndGlobalSection
	GlobalSection(ProjectConfigurationPlatforms) = postSolution
		{CBA4B731-BA43-4B6C-BC68-76AA89570126}.Debug|Any CPU.ActiveCfg = Debug|Any CPU
		{CBA4B731-BA43-4B6C-BC68-76AA89570126}.Debug|Any CPU.Build.0 = Debug|Any CPU
		{CBA4B731-BA43-4B6C-BC68-76AA89570126}.Release|Any CPU.ActiveCfg = Release|Any CPU
		{CBA4B731-BA43-4B6C-BC68-76AA89570126}.Release|Any CPU.Build.0 = Release|Any CPU
		{4F4C1720-FC1D-411F-AA2C-A7B61DF96D2D}.Debug|Any CPU.ActiveCfg = Debug|Any CPU
		{4F4C1720-FC1D-411F-AA2C-A7B61DF96D2D}.Debug|Any CPU.Build.0 = Debug|Any CPU
		{4F4C1720-FC1D-411F-AA2C-A7B61DF96D2D}.Release|Any CPU.ActiveCfg = Release|Any CPU
		{4F4C1720-FC1D-411F-AA2C-A7B61DF96D2D}.Release|Any CPU.Build.0 = Release|Any CPU
	EndGlobalSection
	GlobalSection(SolutionProperties) = preSolution
		HideSolutionNode = FALSE
	EndGlobalSection
	GlobalSection(ExtensibilityGlobals) = postSolution
		SolutionGuid = {6E59B729-86A9-4CB7-AD98-A48677B9C737}
	EndGlobalSection
EndGlobal
